
Microsoft Visual Studio Solution File, Format Version 12.00
# Visual Studio Version 17
VisualStudioVersion = 17.1.32210.238
MinimumVisualStudioVersion = 10.0.40219.1
Project("{9A19103F-16F7-4668-BE54-9A1E7A4F7556}") = "Noise.Core", "Noise.Core\Noise.Core.csproj", "{A1E2F574-BEA7-4B94-9C10-910D26438E7C}"
EndProject
Project("{9A19103F-16F7-4668-BE54-9A1E7A4F7556}") = "Noise.Host", "Noise.Host\Noise.Host.csproj", "{8450D423-5788-4A95-9536-293C5BF19B28}"
EndProject
Project("{9A19103F-16F7-4668-BE54-9A1E7A4F7556}") = "Noise.Core.Test", "Noise.Core.Test\Noise.Core.Test.csproj", "{E89AA03F-2162-4B6C-B00B-7F17459E6B52}"
EndProject
Global
	GlobalSection(SolutionConfigurationPlatforms) = preSolution
		Debug|Any CPU = Debug|Any CPU
		Release|Any CPU = Release|Any CPU
	EndGlobalSection
	GlobalSection(ProjectConfigurationPlatforms) = postSolution
		{A1E2F574-BEA7-4B94-9C10-910D26438E7C}.Debug|Any CPU.ActiveCfg = Debug|Any CPU
		{A1E2F574-BEA7-4B94-9C10-910D26438E7C}.Debug|Any CPU.Build.0 = Debug|Any CPU
		{A1E2F574-BEA7-4B94-9C10-910D26438E7C}.Release|Any CPU.ActiveCfg = Release|Any CPU
		{A1E2F574-BEA7-4B94-9C10-910D26438E7C}.Release|Any CPU.Build.0 = Release|Any CPU
		{8450D423-5788-4A95-9536-293C5BF19B28}.Debug|Any CPU.ActiveCfg = Debug|Any CPU
		{8450D423-5788-4A95-9536-293C5BF19B28}.Debug|Any CPU.Build.0 = Debug|Any CPU
		{8450D423-5788-4A95-9536-293C5BF19B28}.Release|Any CPU.ActiveCfg = Release|Any CPU
		{8450D423-5788-4A95-9536-293C5BF19B28}.Release|Any CPU.Build.0 = Release|Any CPU
		{E89AA03F-2162-4B6C-B00B-7F17459E6B52}.Debug|Any CPU.ActiveCfg = Debug|Any CPU
		{E89AA03F-2162-4B6C-B00B-7F17459E6B52}.Debug|Any CPU.Build.0 = Debug|Any CPU
		{E89AA03F-2162-4B6C-B00B-7F17459E6B52}.Release|Any CPU.ActiveCfg = Release|Any CPU
		{E89AA03F-2162-4B6C-B00B-7F17459E6B52}.Release|Any CPU.Build.0 = Release|Any CPU
	EndGlobalSection
	GlobalSection(SolutionProperties) = preSolution
		HideSolutionNode = FALSE
	EndGlobalSection
	GlobalSection(ExtensibilityGlobals) = postSolution
		SolutionGuid = {F70BEA69-EE98-4BE2-94F4-763B62BA279D}
	EndGlobalSection
EndGlobal
